
Microsoft Visual Studio Solution File, Format Version 11.00
# Visual C# Express 2010
Project("{FAE04EC0-301F-11D3-BF4B-00C04F79EFBC}") = "ConsoleMailer", "ConsoleMailer\ConsoleMailer.csproj", "{3AFB6B58-2200-43CB-B29B-FA1D8C34C578}"
EndProject
Project("{FAE04EC0-301F-11D3-BF4B-00C04F79EFBC}") = "Mailer", "Mailer\Mailer.csproj", "{96C120C3-60D3-4772-B526-E7E4E51992F6}"
EndProject
Project("{FAE04EC0-301F-11D3-BF4B-00C04F79EFBC}") = "MailerTest", "MailerTest\MailerTest.csproj", "{E690974F-B33E-47F5-8D83-56760277A123}"
EndProject
Global
	GlobalSection(SolutionConfigurationPlatforms) = preSolution
		Debug|Any CPU = Debug|Any CPU
		Debug|Mixed Platforms = Debug|Mixed Platforms
		Debug|x86 = Debug|x86
		Release|Any CPU = Release|Any CPU
		Release|Mixed Platforms = Release|Mixed Platforms
		Release|x86 = Release|x86
	EndGlobalSection
	GlobalSection(ProjectConfigurationPlatforms) = postSolution
		{3AFB6B58-2200-43CB-B29B-FA1D8C34C578}.Debug|Any CPU.ActiveCfg = Debug|x86
		{3AFB6B58-2200-43CB-B29B-FA1D8C34C578}.Debug|Mixed Platforms.ActiveCfg = Debug|x86
		{3AFB6B58-2200-43CB-B29B-FA1D8C34C578}.Debug|Mixed Platforms.Build.0 = Debug|x86
		{3AFB6B58-2200-43CB-B29B-FA1D8C34C578}.Debug|x86.ActiveCfg = Debug|x86
		{3AFB6B58-2200-43CB-B29B-FA1D8C34C578}.Debug|x86.Build.0 = Debug|x86
		{3AFB6B58-2200-43CB-B29B-FA1D8C34C578}.Release|Any CPU.ActiveCfg = Release|x86
		{3AFB6B58-2200-43CB-B29B-FA1D8C34C578}.Release|Mixed Platforms.ActiveCfg = Release|x86
		{3AFB6B58-2200-43CB-B29B-FA1D8C34C578}.Release|Mixed Platforms.Build.0 = Release|x86
		{3AFB6B58-2200-43CB-B29B-FA1D8C34C578}.Release|x86.ActiveCfg = Release|x86
		{3AFB6B58-2200-43CB-B29B-FA1D8C34C578}.Release|x86.Build.0 = Release|x86
		{96C120C3-60D3-4772-B526-E7E4E51992F6}.Debug|Any CPU.ActiveCfg = Debug|Any CPU
		{96C120C3-60D3-4772-B526-E7E4E51992F6}.Debug|Any CPU.Build.0 = Debug|Any CPU
		{96C120C3-60D3-4772-B526-E7E4E51992F6}.Debug|Mixed Platforms.ActiveCfg = Debug|Any CPU
		{96C120C3-60D3-4772-B526-E7E4E51992F6}.Debug|Mixed Platforms.Build.0 = Debug|Any CPU
		{96C120C3-60D3-4772-B526-E7E4E51992F6}.Debug|x86.ActiveCfg = Debug|Any CPU
		{96C120C3-60D3-4772-B526-E7E4E51992F6}.Release|Any CPU.ActiveCfg = Release|Any CPU
		{96C120C3-60D3-4772-B526-E7E4E51992F6}.Release|Any CPU.Build.0 = Release|Any CPU
		{96C120C3-60D3-4772-B526-E7E4E51992F6}.Release|Mixed Platforms.ActiveCfg = Release|Any CPU
		{96C120C3-60D3-4772-B526-E7E4E51992F6}.Release|Mixed Platforms.Build.0 = Release|Any CPU
		{96C120C3-60D3-4772-B526-E7E4E51992F6}.Release|x86.ActiveCfg = Release|Any CPU
		{E690974F-B33E-47F5-8D83-56760277A123}.Debug|Any CPU.ActiveCfg = Debug|Any CPU
		{E690974F-B33E-47F5-8D83-56760277A123}.Debug|Any CPU.Build.0 = Debug|Any CPU
		{E690974F-B33E-47F5-8D83-56760277A123}.Debug|Mixed Platforms.ActiveCfg = Debug|Any CPU
		{E690974F-B33E-47F5-8D83-56760277A123}.Debug|Mixed Platforms.Build.0 = Debug|Any CPU
		{E690974F-B33E-47F5-8D83-56760277A123}.Debug|x86.ActiveCfg = Debug|Any CPU
		{E690974F-B33E-47F5-8D83-56760277A123}.Release|Any CPU.ActiveCfg = Release|Any CPU
		{E690974F-B33E-47F5-8D83-56760277A123}.Release|Any CPU.Build.0 = Release|Any CPU
		{E690974F-B33E-47F5-8D83-56760277A123}.Release|Mixed Platforms.ActiveCfg = Release|Any CPU
		{E690974F-B33E-47F5-8D83-56760277A123}.Release|Mixed Platforms.Build.0 = Release|Any CPU
		{E690974F-B33E-47F5-8D83-56760277A123}.Release|x86.ActiveCfg = Release|Any CPU
	EndGlobalSection
	GlobalSection(SolutionProperties) = preSolution
		HideSolutionNode = FALSE
	EndGlobalSection
EndGlobal
